
Microsoft Visual Studio Solution File, Format Version 12.00
# Visual Studio Version 17
VisualStudioVersion = 17.9.34723.18
MinimumVisualStudioVersion = 10.0.40219.1
Project("{FAE04EC0-301F-11D3-BF4B-00C04F79EFBC}") = "Heritage", "Heritage\Heritage.csproj", "{A8260BB4-0E51-4787-89B3-5F312A201782}"
EndProject
Global
	GlobalSection(SolutionConfigurationPlatforms) = preSolution
		Debug|Any CPU = Debug|Any CPU
		Release|Any CPU = Release|Any CPU
	EndGlobalSection
	GlobalSection(ProjectConfigurationPlatforms) = postSolution
		{A8260BB4-0E51-4787-89B3-5F312A201782}.Debug|Any CPU.ActiveCfg = Debug|Any CPU
		{A8260BB4-0E51-4787-89B3-5F312A201782}.Debug|Any CPU.Build.0 = Debug|Any CPU
		{A8260BB4-0E51-4787-89B3-5F312A201782}.Release|Any CPU.ActiveCfg = Release|Any CPU
		{A8260BB4-0E51-4787-89B3-5F312A201782}.Release|Any CPU.Build.0 = Release|Any CPU
	EndGlobalSection
	GlobalSection(SolutionProperties) = preSolution
		HideSolutionNode = FALSE
	EndGlobalSection
	GlobalSection(ExtensibilityGlobals) = postSolution
		SolutionGuid = {68C4865B-B0D6-418A-8E4B-F3043EC37623}
	EndGlobalSection
EndGlobal
